
Microsoft Visual Studio Solution File, Format Version 12.00
# Visual Studio Version 16
VisualStudioVersion = 16.0.30804.86
MinimumVisualStudioVersion = 10.0.40219.1
Project("{9A19103F-16F7-4668-BE54-9A1E7A4F7556}") = "FaceGenerator.MachineLearning", "FaceGenerator.MachineLearning\FaceGenerator.MachineLearning.csproj", "{199C6D86-4934-4C20-AED3-83F48FB5460F}"
EndProject
Project("{FAE04EC0-301F-11D3-BF4B-00C04F79EFBC}") = "FaceGenerator", "FaceGenerator\FaceGenerator.csproj", "{07FFD831-B3B6-4CBD-BCC0-B9D4564AFA83}"
EndProject
Global
	GlobalSection(SolutionConfigurationPlatforms) = preSolution
		Debug|Any CPU = Debug|Any CPU
		Release|Any CPU = Release|Any CPU
	EndGlobalSection
	GlobalSection(ProjectConfigurationPlatforms) = postSolution
		{199C6D86-4934-4C20-AED3-83F48FB5460F}.Debug|Any CPU.ActiveCfg = Debug|Any CPU
		{199C6D86-4934-4C20-AED3-83F48FB5460F}.Debug|Any CPU.Build.0 = Debug|Any CPU
		{199C6D86-4934-4C20-AED3-83F48FB5460F}.Release|Any CPU.ActiveCfg = Release|Any CPU
		{199C6D86-4934-4C20-AED3-83F48FB5460F}.Release|Any CPU.Build.0 = Release|Any CPU
		{07FFD831-B3B6-4CBD-BCC0-B9D4564AFA83}.Debug|Any CPU.ActiveCfg = Debug|Any CPU
		{07FFD831-B3B6-4CBD-BCC0-B9D4564AFA83}.Debug|Any CPU.Build.0 = Debug|Any CPU
		{07FFD831-B3B6-4CBD-BCC0-B9D4564AFA83}.Release|Any CPU.ActiveCfg = Release|Any CPU
		{07FFD831-B3B6-4CBD-BCC0-B9D4564AFA83}.Release|Any CPU.Build.0 = Release|Any CPU
	EndGlobalSection
	GlobalSection(SolutionProperties) = preSolution
		HideSolutionNode = FALSE
	EndGlobalSection
	GlobalSection(ExtensibilityGlobals) = postSolution
		SolutionGuid = {B22324B1-9CC6-4043-B118-8A8FA1B4CAB3}
	EndGlobalSection
EndGlobal
